
Microsoft Visual Studio Solution File, Format Version 12.00
# Visual Studio Version 16
VisualStudioVersion = 25.0.1704.0
MinimumVisualStudioVersion = 10.0.40219.1
Project("{FAE04EC0-301F-11D3-BF4B-00C04F79EFBC}") = "AlgorithmsDataStructures", "AlgorithmsDataStructures\AlgorithmsDataStructures.csproj", "{12A6E9B6-EF74-4DCE-AD7D-30AD94B0C2C8}"
EndProject
Global
	GlobalSection(SolutionConfigurationPlatforms) = preSolution
		Debug|Any CPU = Debug|Any CPU
		Release|Any CPU = Release|Any CPU
	EndGlobalSection
	GlobalSection(ProjectConfigurationPlatforms) = postSolution
		{12A6E9B6-EF74-4DCE-AD7D-30AD94B0C2C8}.Debug|Any CPU.ActiveCfg = Debug|Any CPU
		{12A6E9B6-EF74-4DCE-AD7D-30AD94B0C2C8}.Debug|Any CPU.Build.0 = Debug|Any CPU
		{12A6E9B6-EF74-4DCE-AD7D-30AD94B0C2C8}.Release|Any CPU.ActiveCfg = Release|Any CPU
		{12A6E9B6-EF74-4DCE-AD7D-30AD94B0C2C8}.Release|Any CPU.Build.0 = Release|Any CPU
	EndGlobalSection
	GlobalSection(SolutionProperties) = preSolution
		HideSolutionNode = FALSE
	EndGlobalSection
	GlobalSection(ExtensibilityGlobals) = postSolution
		SolutionGuid = {61B5965B-9F9F-420F-A741-11224BBC6837}
	EndGlobalSection
EndGlobal
